{
  "name": "team-profile-generator",
  "version": "1.0.0",
  "lockfileVersion": 2,
  "requires": true,
  "author": "",
  "description": "AS A manager\r I WANT to generate a webpage that displays my team's basic info\r SO THAT I have quick access to their emails and GitHub profiles",
  "homepage": "https://github.com/rchan321/team-profile-generator#readme",
  "keywords": [],
  "license": "ISC",
  "main": "index.js",
  "packages": {
    "": {
      "name": "team-profile-generator",
      "version": "1.0.0",
      "license": "ISC"
    }
  },
  "bugs": {
    "url": "https://github.com/rchan321/team-profile-generator/issues"
  },
  "directories": {
    "lib": "lib"
  },
  "repository": {
    "type": "git",
    "url": "git+https://github.com/rchan321/team-profile-generator.git"
  },
  "scripts": {
    "test": "echo \"Error: no test specified\" && exit 1"
  }
}
